
Microsoft Visual Studio Solution File, Format Version 12.00
# Visual Studio Version 17
VisualStudioVersion = 17.14.36414.22 d17.14
MinimumVisualStudioVersion = 10.0.40219.1
Project("{FAE04EC0-301F-11D3-BF4B-00C04F79EFBC}") = "kalkulator", "kalkulator.csproj", "{5D0D3EE8-ACB5-4904-B468-D80D341363EE}"
EndProject
Global
	GlobalSection(SolutionConfigurationPlatforms) = preSolution
		Debug|Any CPU = Debug|Any CPU
		Release|Any CPU = Release|Any CPU
	EndGlobalSection
	GlobalSection(ProjectConfigurationPlatforms) = postSolution
		{5D0D3EE8-ACB5-4904-B468-D80D341363EE}.Debug|Any CPU.ActiveCfg = Debug|Any CPU
		{5D0D3EE8-ACB5-4904-B468-D80D341363EE}.Debug|Any CPU.Build.0 = Debug|Any CPU
		{5D0D3EE8-ACB5-4904-B468-D80D341363EE}.Release|Any CPU.ActiveCfg = Release|Any CPU
		{5D0D3EE8-ACB5-4904-B468-D80D341363EE}.Release|Any CPU.Build.0 = Release|Any CPU
	EndGlobalSection
	GlobalSection(SolutionProperties) = preSolution
		HideSolutionNode = FALSE
	EndGlobalSection
	GlobalSection(ExtensibilityGlobals) = postSolution
		SolutionGuid = {6FB48EF4-4040-4653-AC63-2072C7F354C4}
	EndGlobalSection
EndGlobal
