
Microsoft Visual Studio Solution File, Format Version 12.00
# Visual Studio Version 17
VisualStudioVersion = 17.14.36414.22 d17.14
MinimumVisualStudioVersion = 10.0.40219.1
Project("{FAE04EC0-301F-11D3-BF4B-00C04F79EFBC}") = "praktik_7.1_fungsi", "praktik_7.1_fungsi.csproj", "{6E26B776-4A41-4200-B82D-F12725F7E6B2}"
EndProject
Global
	GlobalSection(SolutionConfigurationPlatforms) = preSolution
		Debug|Any CPU = Debug|Any CPU
		Release|Any CPU = Release|Any CPU
	EndGlobalSection
	GlobalSection(ProjectConfigurationPlatforms) = postSolution
		{6E26B776-4A41-4200-B82D-F12725F7E6B2}.Debug|Any CPU.ActiveCfg = Debug|Any CPU
		{6E26B776-4A41-4200-B82D-F12725F7E6B2}.Debug|Any CPU.Build.0 = Debug|Any CPU
		{6E26B776-4A41-4200-B82D-F12725F7E6B2}.Release|Any CPU.ActiveCfg = Release|Any CPU
		{6E26B776-4A41-4200-B82D-F12725F7E6B2}.Release|Any CPU.Build.0 = Release|Any CPU
	EndGlobalSection
	GlobalSection(SolutionProperties) = preSolution
		HideSolutionNode = FALSE
	EndGlobalSection
	GlobalSection(ExtensibilityGlobals) = postSolution
		SolutionGuid = {73D13AC1-AA5B-4ECE-8DAB-097F977313AC}
	EndGlobalSection
EndGlobal
