
Microsoft Visual Studio Solution File, Format Version 12.00
# Visual Studio Version 17
VisualStudioVersion = 17.14.36414.22 d17.14
MinimumVisualStudioVersion = 10.0.40219.1
Project("{FAE04EC0-301F-11D3-BF4B-00C04F79EFBC}") = "PRAKTIK 6.8", "PRAKTIK 6.8.csproj", "{FEBF373F-6A79-407D-B5FC-0ECFF1B4AF88}"
EndProject
Global
	GlobalSection(SolutionConfigurationPlatforms) = preSolution
		Debug|Any CPU = Debug|Any CPU
		Release|Any CPU = Release|Any CPU
	EndGlobalSection
	GlobalSection(ProjectConfigurationPlatforms) = postSolution
		{FEBF373F-6A79-407D-B5FC-0ECFF1B4AF88}.Debug|Any CPU.ActiveCfg = Debug|Any CPU
		{FEBF373F-6A79-407D-B5FC-0ECFF1B4AF88}.Debug|Any CPU.Build.0 = Debug|Any CPU
		{FEBF373F-6A79-407D-B5FC-0ECFF1B4AF88}.Release|Any CPU.ActiveCfg = Release|Any CPU
		{FEBF373F-6A79-407D-B5FC-0ECFF1B4AF88}.Release|Any CPU.Build.0 = Release|Any CPU
	EndGlobalSection
	GlobalSection(SolutionProperties) = preSolution
		HideSolutionNode = FALSE
	EndGlobalSection
	GlobalSection(ExtensibilityGlobals) = postSolution
		SolutionGuid = {16766424-07D9-47D1-A566-06B728A48A1E}
	EndGlobalSection
EndGlobal
